
Microsoft Visual Studio Solution File, Format Version 12.00
# Visual Studio Version 16
VisualStudioVersion = 16.0.30320.27
MinimumVisualStudioVersion = 10.0.40219.1
Project("{FAE04EC0-301F-11D3-BF4B-00C04F79EFBC}") = "DictionaryInWinform", "DictionaryInWinform\DictionaryInWinform.csproj", "{3E056EB5-5DFA-4BE7-9415-2F750E90A2B9}"
EndProject
Global
	GlobalSection(SolutionConfigurationPlatforms) = preSolution
		Debug|Any CPU = Debug|Any CPU
		Release|Any CPU = Release|Any CPU
	EndGlobalSection
	GlobalSection(ProjectConfigurationPlatforms) = postSolution
		{3E056EB5-5DFA-4BE7-9415-2F750E90A2B9}.Debug|Any CPU.ActiveCfg = Debug|Any CPU
		{3E056EB5-5DFA-4BE7-9415-2F750E90A2B9}.Debug|Any CPU.Build.0 = Debug|Any CPU
		{3E056EB5-5DFA-4BE7-9415-2F750E90A2B9}.Release|Any CPU.ActiveCfg = Release|Any CPU
		{3E056EB5-5DFA-4BE7-9415-2F750E90A2B9}.Release|Any CPU.Build.0 = Release|Any CPU
	EndGlobalSection
	GlobalSection(SolutionProperties) = preSolution
		HideSolutionNode = FALSE
	EndGlobalSection
	GlobalSection(ExtensibilityGlobals) = postSolution
		SolutionGuid = {3586DE49-3CD1-46A1-AC1F-185A46269CEB}
	EndGlobalSection
EndGlobal
